// !$*UTF8*$!
{
	archiveVersion = 1;
	classes = {
	};
	objectVersion = 52;
	objects = {

/* Begin PBXBuildFile section */
		060782B2250CE27700A87020 /* AppDelegate.swift in Sources */ = {isa = PBXBuildFile; fileRef = 060782B1250CE27700A87020 /* AppDelegate.swift */; };
		060782B4250CE27700A87020 /* SceneDelegate.swift in Sources */ = {isa = PBXBuildFile; fileRef = 060782B3250CE27700A87020 /* SceneDelegate.swift */; };
		060782B6250CE27700A87020 /* FeedViewController.swift in Sources */ = {isa = PBXBuildFile; fileRef = 060782B5250CE27700A87020 /* FeedViewController.swift */; };
		060782B9250CE27700A87020 /* Main.storyboard in Resources */ = {isa = PBXBuildFile; fileRef = 060782B7250CE27700A87020 /* Main.storyboard */; };
		060782BB250CE27A00A87020 /* Assets.xcassets in Resources */ = {isa = PBXBuildFile; fileRef = 060782BA250CE27A00A87020 /* Assets.xcassets */; };
		060782BE250CE27A00A87020 /* LaunchScreen.storyboard in Resources */ = {isa = PBXBuildFile; fileRef = 060782BC250CE27A00A87020 /* LaunchScreen.storyboard */; };
		060782C6250CEB0A00A87020 /* InfoViewController.swift in Sources */ = {isa = PBXBuildFile; fileRef = 060782C5250CEB0A00A87020 /* InfoViewController.swift */; };
		060782C8250CEE5D00A87020 /* PostViewController.swift in Sources */ = {isa = PBXBuildFile; fileRef = 060782C7250CEE5D00A87020 /* PostViewController.swift */; };
		060782CA250CEE7200A87020 /* Post.swift in Sources */ = {isa = PBXBuildFile; fileRef = 060782C9250CEE7200A87020 /* Post.swift */; };
		68C491A273F5680A1F20A30E /* Pods_Navigation.framework in Frameworks */ = {isa = PBXBuildFile; fileRef = 3D5458870FB0FF70DCE1733D /* Pods_Navigation.framework */; };
		863445F3270B55BF00569942 /* StorageService.h in Headers */ = {isa = PBXBuildFile; fileRef = 863445F1270B55BF00569942 /* StorageService.h */; settings = {ATTRIBUTES = (Public, ); }; };
		863445F6270B55BF00569942 /* StorageService.framework in Frameworks */ = {isa = PBXBuildFile; fileRef = 863445EF270B55BF00569942 /* StorageService.framework */; };
		863445F7270B55BF00569942 /* StorageService.framework in Embed Frameworks */ = {isa = PBXBuildFile; fileRef = 863445EF270B55BF00569942 /* StorageService.framework */; settings = {ATTRIBUTES = (CodeSignOnCopy, RemoveHeadersOnCopy, ); }; };
		86A760DA271372F200F405D0 /* User.swift in Sources */ = {isa = PBXBuildFile; fileRef = 86A760D9271372F200F405D0 /* User.swift */; };
		86A760DC2713732E00F405D0 /* UserService.swift in Sources */ = {isa = PBXBuildFile; fileRef = 86A760DB2713732E00F405D0 /* UserService.swift */; };
		86A760DE2713736600F405D0 /* CurrentUserService.swift in Sources */ = {isa = PBXBuildFile; fileRef = 86A760DD2713736600F405D0 /* CurrentUserService.swift */; };
		86A760E1271375AE00F405D0 /* TestUserService.swift in Sources */ = {isa = PBXBuildFile; fileRef = 86A760E0271375AE00F405D0 /* TestUserService.swift */; };
		86E7FFCD270F8B5300CD29AE /* iOSIntPackage in Frameworks */ = {isa = PBXBuildFile; productRef = 86E7FFCC270F8B5300CD29AE /* iOSIntPackage */; };
		CE61D63F2659E198001C600D /* ProfileViewController.swift in Sources */ = {isa = PBXBuildFile; fileRef = CE61D63E2659E198001C600D /* ProfileViewController.swift */; };
		CE61D6432659E1A8001C600D /* ProfileHeaderVIew.swift in Sources */ = {isa = PBXBuildFile; fileRef = CE61D6422659E1A8001C600D /* ProfileHeaderVIew.swift */; };
		CE61D66E266628F2001C600D /* LogInViewController.swift in Sources */ = {isa = PBXBuildFile; fileRef = CE61D66D266628F2001C600D /* LogInViewController.swift */; };
		CE61D68426687C92001C600D /* PostStorage.swift in Sources */ = {isa = PBXBuildFile; fileRef = CE61D68326687C92001C600D /* PostStorage.swift */; };
		CE61D688266898F4001C600D /* PostTableViewCell.swift in Sources */ = {isa = PBXBuildFile; fileRef = CE61D687266898F4001C600D /* PostTableViewCell.swift */; };
		CE61D6BF266F14CA001C600D /* PhotosTableViewCell.swift in Sources */ = {isa = PBXBuildFile; fileRef = CE61D6BE266F14CA001C600D /* PhotosTableViewCell.swift */; };
		CE61D6C2266F1971001C600D /* PhotosViewController.swift in Sources */ = {isa = PBXBuildFile; fileRef = CE61D6C1266F1971001C600D /* PhotosViewController.swift */; };
		CE61D6C5266F1E46001C600D /* PhotosCollectionViewCell.swift in Sources */ = {isa = PBXBuildFile; fileRef = CE61D6C4266F1E46001C600D /* PhotosCollectionViewCell.swift */; };
		CE61D6CC266F4B61001C600D /* PhotoStorage.swift in Sources */ = {isa = PBXBuildFile; fileRef = CE61D6CB266F4B61001C600D /* PhotoStorage.swift */; };
		CE61D6EC26720FA2001C600D /* ProfileTableHeaderVIew.swift in Sources */ = {isa = PBXBuildFile; fileRef = CE61D6EB26720FA2001C600D /* ProfileTableHeaderVIew.swift */; };
/* End PBXBuildFile section */

/* Begin PBXContainerItemProxy section */
		863445F4270B55BF00569942 /* PBXContainerItemProxy */ = {
			isa = PBXContainerItemProxy;
			containerPortal = 060782A6250CE27700A87020 /* Project object */;
			proxyType = 1;
			remoteGlobalIDString = 863445EE270B55BF00569942;
			remoteInfo = StorageService;
		};
/* End PBXContainerItemProxy section */

/* Begin PBXCopyFilesBuildPhase section */
		863445F8270B55BF00569942 /* Embed Frameworks */ = {
			isa = PBXCopyFilesBuildPhase;
			buildActionMask = 2147483647;
			dstPath = "";
			dstSubfolderSpec = 10;
			files = (
				863445F7270B55BF00569942 /* StorageService.framework in Embed Frameworks */,
			);
			name = "Embed Frameworks";
			runOnlyForDeploymentPostprocessing = 0;
		};
/* End PBXCopyFilesBuildPhase section */

/* Begin PBXFileReference section */
		060782AE250CE27700A87020 /* Navigation.app */ = {isa = PBXFileReference; explicitFileType = wrapper.application; includeInIndex = 0; path = Navigation.app; sourceTree = BUILT_PRODUCTS_DIR; };
		060782B1250CE27700A87020 /* AppDelegate.swift */ = {isa = PBXFileReference; lastKnownFileType = sourcecode.swift; path = AppDelegate.swift; sourceTree = "<group>"; };
		060782B3250CE27700A87020 /* SceneDelegate.swift */ = {isa = PBXFileReference; lastKnownFileType = sourcecode.swift; path = SceneDelegate.swift; sourceTree = "<group>"; };
		060782B5250CE27700A87020 /* FeedViewController.swift */ = {isa = PBXFileReference; lastKnownFileType = sourcecode.swift; path = FeedViewController.swift; sourceTree = "<group>"; };
		060782B8250CE27700A87020 /* Base */ = {isa = PBXFileReference; lastKnownFileType = file.storyboard; name = Base; path = Base.lproj/Main.storyboard; sourceTree = "<group>"; };
		060782BA250CE27A00A87020 /* Assets.xcassets */ = {isa = PBXFileReference; lastKnownFileType = folder.assetcatalog; path = Assets.xcassets; sourceTree = "<group>"; };
		060782BD250CE27A00A87020 /* Base */ = {isa = PBXFileReference; lastKnownFileType = file.storyboard; name = Base; path = Base.lproj/LaunchScreen.storyboard; sourceTree = "<group>"; };
		060782BF250CE27A00A87020 /* Info.plist */ = {isa = PBXFileReference; lastKnownFileType = text.plist.xml; path = Info.plist; sourceTree = "<group>"; };
		060782C5250CEB0A00A87020 /* InfoViewController.swift */ = {isa = PBXFileReference; lastKnownFileType = sourcecode.swift; path = InfoViewController.swift; sourceTree = "<group>"; };
		060782C7250CEE5D00A87020 /* PostViewController.swift */ = {isa = PBXFileReference; lastKnownFileType = sourcecode.swift; path = PostViewController.swift; sourceTree = "<group>"; };
		060782C9250CEE7200A87020 /* Post.swift */ = {isa = PBXFileReference; lastKnownFileType = sourcecode.swift; path = Post.swift; sourceTree = "<group>"; };
		3D5458870FB0FF70DCE1733D /* Pods_Navigation.framework */ = {isa = PBXFileReference; explicitFileType = wrapper.framework; includeInIndex = 0; path = Pods_Navigation.framework; sourceTree = BUILT_PRODUCTS_DIR; };
		5BADA28A6DB538692B0975C1 /* Pods-Navigation.release.xcconfig */ = {isa = PBXFileReference; includeInIndex = 1; lastKnownFileType = text.xcconfig; name = "Pods-Navigation.release.xcconfig"; path = "Target Support Files/Pods-Navigation/Pods-Navigation.release.xcconfig"; sourceTree = "<group>"; };
		863445EF270B55BF00569942 /* StorageService.framework */ = {isa = PBXFileReference; explicitFileType = wrapper.framework; includeInIndex = 0; path = StorageService.framework; sourceTree = BUILT_PRODUCTS_DIR; };
		863445F1270B55BF00569942 /* StorageService.h */ = {isa = PBXFileReference; lastKnownFileType = sourcecode.c.h; path = StorageService.h; sourceTree = "<group>"; };
		863445F2270B55BF00569942 /* Info.plist */ = {isa = PBXFileReference; lastKnownFileType = text.plist.xml; path = Info.plist; sourceTree = "<group>"; };
		86A760D9271372F200F405D0 /* User.swift */ = {isa = PBXFileReference; lastKnownFileType = sourcecode.swift; path = User.swift; sourceTree = "<group>"; };
		86A760DB2713732E00F405D0 /* UserService.swift */ = {isa = PBXFileReference; lastKnownFileType = sourcecode.swift; path = UserService.swift; sourceTree = "<group>"; };
		86A760DD2713736600F405D0 /* CurrentUserService.swift */ = {isa = PBXFileReference; lastKnownFileType = sourcecode.swift; path = CurrentUserService.swift; sourceTree = "<group>"; };
		86A760E0271375AE00F405D0 /* TestUserService.swift */ = {isa = PBXFileReference; lastKnownFileType = sourcecode.swift; path = TestUserService.swift; sourceTree = "<group>"; };
		B2E98CA892013E40B7E5FBF7 /* Pods-Navigation.debug.xcconfig */ = {isa = PBXFileReference; includeInIndex = 1; lastKnownFileType = text.xcconfig; name = "Pods-Navigation.debug.xcconfig"; path = "Target Support Files/Pods-Navigation/Pods-Navigation.debug.xcconfig"; sourceTree = "<group>"; };
		CE61D63E2659E198001C600D /* ProfileViewController.swift */ = {isa = PBXFileReference; lastKnownFileType = sourcecode.swift; path = ProfileViewController.swift; sourceTree = "<group>"; };
		CE61D6422659E1A8001C600D /* ProfileHeaderVIew.swift */ = {isa = PBXFileReference; lastKnownFileType = sourcecode.swift; path = ProfileHeaderVIew.swift; sourceTree = "<group>"; };
		CE61D66D266628F2001C600D /* LogInViewController.swift */ = {isa = PBXFileReference; lastKnownFileType = sourcecode.swift; path = LogInViewController.swift; sourceTree = "<group>"; };
		CE61D68326687C92001C600D /* PostStorage.swift */ = {isa = PBXFileReference; lastKnownFileType = sourcecode.swift; path = PostStorage.swift; sourceTree = "<group>"; };
		CE61D687266898F4001C600D /* PostTableViewCell.swift */ = {isa = PBXFileReference; lastKnownFileType = sourcecode.swift; path = PostTableViewCell.swift; sourceTree = "<group>"; };
		CE61D6BE266F14CA001C600D /* PhotosTableViewCell.swift */ = {isa = PBXFileReference; lastKnownFileType = sourcecode.swift; path = PhotosTableViewCell.swift; sourceTree = "<group>"; };
		CE61D6C1266F1971001C600D /* PhotosViewController.swift */ = {isa = PBXFileReference; lastKnownFileType = sourcecode.swift; path = PhotosViewController.swift; sourceTree = "<group>"; };
		CE61D6C4266F1E46001C600D /* PhotosCollectionViewCell.swift */ = {isa = PBXFileReference; lastKnownFileType = sourcecode.swift; path = PhotosCollectionViewCell.swift; sourceTree = "<group>"; };
		CE61D6CB266F4B61001C600D /* PhotoStorage.swift */ = {isa = PBXFileReference; lastKnownFileType = sourcecode.swift; path = PhotoStorage.swift; sourceTree = "<group>"; };
		CE61D6EB26720FA2001C600D /* ProfileTableHeaderVIew.swift */ = {isa = PBXFileReference; lastKnownFileType = sourcecode.swift; path = ProfileTableHeaderVIew.swift; sourceTree = "<group>"; };
/* End PBXFileReference section */

/* Begin PBXFrameworksBuildPhase section */
		060782AB250CE27700A87020 /* Frameworks */ = {
			isa = PBXFrameworksBuildPhase;
			buildActionMask = 2147483647;
			files = (
				86E7FFCD270F8B5300CD29AE /* iOSIntPackage in Frameworks */,
				863445F6270B55BF00569942 /* StorageService.framework in Frameworks */,
				68C491A273F5680A1F20A30E /* Pods_Navigation.framework in Frameworks */,
			);
			runOnlyForDeploymentPostprocessing = 0;
		};
		863445EC270B55BF00569942 /* Frameworks */ = {
			isa = PBXFrameworksBuildPhase;
			buildActionMask = 2147483647;
			files = (
			);
			runOnlyForDeploymentPostprocessing = 0;
		};
/* End PBXFrameworksBuildPhase section */

/* Begin PBXGroup section */
		060782A5250CE27700A87020 = {
			isa = PBXGroup;
			children = (
				060782B0250CE27700A87020 /* Navigation */,
				863445F0270B55BF00569942 /* StorageService */,
				060782AF250CE27700A87020 /* Products */,
				3CEB1D3BD32AEC5786AB0783 /* Pods */,
				3A68F43B62CFDB44251825E2 /* Frameworks */,
			);
			sourceTree = "<group>";
		};
		060782AF250CE27700A87020 /* Products */ = {
			isa = PBXGroup;
			children = (
				060782AE250CE27700A87020 /* Navigation.app */,
				863445EF270B55BF00569942 /* StorageService.framework */,
			);
			name = Products;
			sourceTree = "<group>";
		};
		060782B0250CE27700A87020 /* Navigation */ = {
			isa = PBXGroup;
			children = (
				86A760D8271372B600F405D0 /* UserData */,
				CE61D6D0266F6DB0001C600D /* Storage */,
				CE61D63D2659E186001C600D /* Profile */,
				CE61D6BD266F1485001C600D /* Photogallery */,
				060782BA250CE27A00A87020 /* Assets.xcassets */,
				060782B7250CE27700A87020 /* Main.storyboard */,
				060782BC250CE27A00A87020 /* LaunchScreen.storyboard */,
				060782BF250CE27A00A87020 /* Info.plist */,
				060782C5250CEB0A00A87020 /* InfoViewController.swift */,
				060782B5250CE27700A87020 /* FeedViewController.swift */,
				060782C7250CEE5D00A87020 /* PostViewController.swift */,
				060782C9250CEE7200A87020 /* Post.swift */,
				060782B3250CE27700A87020 /* SceneDelegate.swift */,
				060782B1250CE27700A87020 /* AppDelegate.swift */,
			);
			path = Navigation;
			sourceTree = "<group>";
		};
		3A68F43B62CFDB44251825E2 /* Frameworks */ = {
			isa = PBXGroup;
			children = (
				3D5458870FB0FF70DCE1733D /* Pods_Navigation.framework */,
			);
			name = Frameworks;
			sourceTree = "<group>";
		};
		3CEB1D3BD32AEC5786AB0783 /* Pods */ = {
			isa = PBXGroup;
			children = (
				B2E98CA892013E40B7E5FBF7 /* Pods-Navigation.debug.xcconfig */,
				5BADA28A6DB538692B0975C1 /* Pods-Navigation.release.xcconfig */,
			);
			path = Pods;
			sourceTree = "<group>";
		};
		863445F0270B55BF00569942 /* StorageService */ = {
			isa = PBXGroup;
			children = (
				863445F1270B55BF00569942 /* StorageService.h */,
				863445F2270B55BF00569942 /* Info.plist */,
			);
			path = StorageService;
			sourceTree = "<group>";
		};
		86A760D8271372B600F405D0 /* UserData */ = {
			isa = PBXGroup;
			children = (
				86A760D9271372F200F405D0 /* User.swift */,
				86A760DB2713732E00F405D0 /* UserService.swift */,
				86A760DD2713736600F405D0 /* CurrentUserService.swift */,
				86A760E0271375AE00F405D0 /* TestUserService.swift */,
			);
			path = UserData;
			sourceTree = "<group>";
		};
		CE61D63D2659E186001C600D /* Profile */ = {
			isa = PBXGroup;
			children = (
				CE61D66D266628F2001C600D /* LogInViewController.swift */,
				CE61D63E2659E198001C600D /* ProfileViewController.swift */,
				CE61D6422659E1A8001C600D /* ProfileHeaderVIew.swift */,
				CE61D6EB26720FA2001C600D /* ProfileTableHeaderVIew.swift */,
				CE61D6BE266F14CA001C600D /* PhotosTableViewCell.swift */,
				CE61D687266898F4001C600D /* PostTableViewCell.swift */,
			);
			path = Profile;
			sourceTree = "<group>";
		};
		CE61D6BD266F1485001C600D /* Photogallery */ = {
			isa = PBXGroup;
			children = (
				CE61D6C1266F1971001C600D /* PhotosViewController.swift */,
				CE61D6C4266F1E46001C600D /* PhotosCollectionViewCell.swift */,
			);
			path = Photogallery;
			sourceTree = "<group>";
		};
		CE61D6D0266F6DB0001C600D /* Storage */ = {
			isa = PBXGroup;
			children = (
				CE61D68326687C92001C600D /* PostStorage.swift */,
				CE61D6CB266F4B61001C600D /* PhotoStorage.swift */,
			);
			path = Storage;
			sourceTree = "<group>";
		};
/* End PBXGroup section */

/* Begin PBXHeadersBuildPhase section */
		863445EA270B55BF00569942 /* Headers */ = {
			isa = PBXHeadersBuildPhase;
			buildActionMask = 2147483647;
			files = (
				863445F3270B55BF00569942 /* StorageService.h in Headers */,
			);
			runOnlyForDeploymentPostprocessing = 0;
		};
/* End PBXHeadersBuildPhase section */

/* Begin PBXNativeTarget section */
		060782AD250CE27700A87020 /* Navigation */ = {
			isa = PBXNativeTarget;
			buildConfigurationList = 060782C2250CE27A00A87020 /* Build configuration list for PBXNativeTarget "Navigation" */;
			buildPhases = (
				6451038F42B1C1EBBEBAD65D /* [CP] Check Pods Manifest.lock */,
				060782AA250CE27700A87020 /* Sources */,
				060782AB250CE27700A87020 /* Frameworks */,
				060782AC250CE27700A87020 /* Resources */,
				863445F8270B55BF00569942 /* Embed Frameworks */,
				86AF4EC0FB0155FA96D72B61 /* [CP] Embed Pods Frameworks */,
			);
			buildRules = (
			);
			dependencies = (
				863445F5270B55BF00569942 /* PBXTargetDependency */,
			);
			name = Navigation;
			packageProductDependencies = (
				86E7FFCC270F8B5300CD29AE /* iOSIntPackage */,
			);
			productName = Navigation;
			productReference = 060782AE250CE27700A87020 /* Navigation.app */;
			productType = "com.apple.product-type.application";
		};
		863445EE270B55BF00569942 /* StorageService */ = {
			isa = PBXNativeTarget;
			buildConfigurationList = 863445FB270B55BF00569942 /* Build configuration list for PBXNativeTarget "StorageService" */;
			buildPhases = (
				863445EA270B55BF00569942 /* Headers */,
				863445EB270B55BF00569942 /* Sources */,
				863445EC270B55BF00569942 /* Frameworks */,
				863445ED270B55BF00569942 /* Resources */,
			);
			buildRules = (
			);
			dependencies = (
			);
			name = StorageService;
			productName = StorageService;
			productReference = 863445EF270B55BF00569942 /* StorageService.framework */;
			productType = "com.apple.product-type.framework";
		};
/* End PBXNativeTarget section */

/* Begin PBXProject section */
		060782A6250CE27700A87020 /* Project object */ = {
			isa = PBXProject;
			attributes = {
				LastSwiftUpdateCheck = 1170;
				LastUpgradeCheck = 1250;
				ORGANIZATIONNAME = "Artem Novichkov";
				TargetAttributes = {
					060782AD250CE27700A87020 = {
						CreatedOnToolsVersion = 11.7;
					};
					863445EE270B55BF00569942 = {
						CreatedOnToolsVersion = 12.5.1;
					};
				};
			};
			buildConfigurationList = 060782A9250CE27700A87020 /* Build configuration list for PBXProject "Navigation" */;
			compatibilityVersion = "Xcode 9.3";
			developmentRegion = en;
			hasScannedForEncodings = 0;
			knownRegions = (
				en,
				Base,
			);
			mainGroup = 060782A5250CE27700A87020;
			packageReferences = (
				86E7FFCB270F8B5300CD29AE /* XCRemoteSwiftPackageReference "iOSIntPackage" */,
			);
			productRefGroup = 060782AF250CE27700A87020 /* Products */;
			projectDirPath = "";
			projectRoot = "";
			targets = (
				060782AD250CE27700A87020 /* Navigation */,
				863445EE270B55BF00569942 /* StorageService */,
			);
		};
/* End PBXProject section */

/* Begin PBXResourcesBuildPhase section */
		060782AC250CE27700A87020 /* Resources */ = {
			isa = PBXResourcesBuildPhase;
			buildActionMask = 2147483647;
			files = (
				060782BE250CE27A00A87020 /* LaunchScreen.storyboard in Resources */,
				060782BB250CE27A00A87020 /* Assets.xcassets in Resources */,
				060782B9250CE27700A87020 /* Main.storyboard in Resources */,
			);
			runOnlyForDeploymentPostprocessing = 0;
		};
		863445ED270B55BF00569942 /* Resources */ = {
			isa = PBXResourcesBuildPhase;
			buildActionMask = 2147483647;
			files = (
			);
			runOnlyForDeploymentPostprocessing = 0;
		};
/* End PBXResourcesBuildPhase section */

/* Begin PBXShellScriptBuildPhase section */
		6451038F42B1C1EBBEBAD65D /* [CP] Check Pods Manifest.lock */ = {
			isa = PBXShellScriptBuildPhase;
			buildActionMask = 2147483647;
			files = (
			);
			inputFileListPaths = (
			);
			inputPaths = (
				"${PODS_PODFILE_DIR_PATH}/Podfile.lock",
				"${PODS_ROOT}/Manifest.lock",
			);
			name = "[CP] Check Pods Manifest.lock";
			outputFileListPaths = (
			);
			outputPaths = (
				"$(DERIVED_FILE_DIR)/Pods-Navigation-checkManifestLockResult.txt",
			);
			runOnlyForDeploymentPostprocessing = 0;
			shellPath = /bin/sh;
			shellScript = "diff \"${PODS_PODFILE_DIR_PATH}/Podfile.lock\" \"${PODS_ROOT}/Manifest.lock\" > /dev/null\nif [ $? != 0 ] ; then\n    # print error to STDERR\n    echo \"error: The sandbox is not in sync with the Podfile.lock. Run 'pod install' or update your CocoaPods installation.\" >&2\n    exit 1\nfi\n# This output is used by Xcode 'outputs' to avoid re-running this script phase.\necho \"SUCCESS\" > \"${SCRIPT_OUTPUT_FILE_0}\"\n";
			showEnvVarsInLog = 0;
		};
		86AF4EC0FB0155FA96D72B61 /* [CP] Embed Pods Frameworks */ = {
			isa = PBXShellScriptBuildPhase;
			buildActionMask = 2147483647;
			files = (
			);
			inputFileListPaths = (
				"${PODS_ROOT}/Target Support Files/Pods-Navigation/Pods-Navigation-frameworks-${CONFIGURATION}-input-files.xcfilelist",
			);
			name = "[CP] Embed Pods Frameworks";
			outputFileListPaths = (
				"${PODS_ROOT}/Target Support Files/Pods-Navigation/Pods-Navigation-frameworks-${CONFIGURATION}-output-files.xcfilelist",
			);
			runOnlyForDeploymentPostprocessing = 0;
			shellPath = /bin/sh;
			shellScript = "\"${PODS_ROOT}/Target Support Files/Pods-Navigation/Pods-Navigation-frameworks.sh\"\n";
			showEnvVarsInLog = 0;
		};
/* End PBXShellScriptBuildPhase section */

/* Begin PBXSourcesBuildPhase section */
		060782AA250CE27700A87020 /* Sources */ = {
			isa = PBXSourcesBuildPhase;
			buildActionMask = 2147483647;
			files = (
				060782B6250CE27700A87020 /* FeedViewController.swift in Sources */,
				060782B2250CE27700A87020 /* AppDelegate.swift in Sources */,
				86A760DC2713732E00F405D0 /* UserService.swift in Sources */,
				CE61D68426687C92001C600D /* PostStorage.swift in Sources */,
				86A760DE2713736600F405D0 /* CurrentUserService.swift in Sources */,
				CE61D66E266628F2001C600D /* LogInViewController.swift in Sources */,
				060782C6250CEB0A00A87020 /* InfoViewController.swift in Sources */,
				060782CA250CEE7200A87020 /* Post.swift in Sources */,
				86A760E1271375AE00F405D0 /* TestUserService.swift in Sources */,
				CE61D6EC26720FA2001C600D /* ProfileTableHeaderVIew.swift in Sources */,
				86A760DA271372F200F405D0 /* User.swift in Sources */,
				CE61D63F2659E198001C600D /* ProfileViewController.swift in Sources */,
				060782B4250CE27700A87020 /* SceneDelegate.swift in Sources */,
				CE61D6CC266F4B61001C600D /* PhotoStorage.swift in Sources */,
				CE61D6BF266F14CA001C600D /* PhotosTableViewCell.swift in Sources */,
				CE61D688266898F4001C600D /* PostTableViewCell.swift in Sources */,
				CE61D6C5266F1E46001C600D /* PhotosCollectionViewCell.swift in Sources */,
				CE61D6C2266F1971001C600D /* PhotosViewController.swift in Sources */,
				060782C8250CEE5D00A87020 /* PostViewController.swift in Sources */,
				CE61D6432659E1A8001C600D /* ProfileHeaderVIew.swift in Sources */,
			);
			runOnlyForDeploymentPostprocessing = 0;
		};
		863445EB270B55BF00569942 /* Sources */ = {
			isa = PBXSourcesBuildPhase;
			buildActionMask = 2147483647;
			files = (
			);
			runOnlyForDeploymentPostprocessing = 0;
		};
/* End PBXSourcesBuildPhase section */

/* Begin PBXTargetDependency section */
		863445F5270B55BF00569942 /* PBXTargetDependency */ = {
			isa = PBXTargetDependency;
			target = 863445EE270B55BF00569942 /* StorageService */;
			targetProxy = 863445F4270B55BF00569942 /* PBXContainerItemProxy */;
		};
/* End PBXTargetDependency section */

/* Begin PBXVariantGroup section */
		060782B7250CE27700A87020 /* Main.storyboard */ = {
			isa = PBXVariantGroup;
			children = (
				060782B8250CE27700A87020 /* Base */,
			);
			name = Main.storyboard;
			sourceTree = "<group>";
		};
		060782BC250CE27A00A87020 /* LaunchScreen.storyboard */ = {
			isa = PBXVariantGroup;
			children = (
				060782BD250CE27A00A87020 /* Base */,
			);
			name = LaunchScreen.storyboard;
			sourceTree = "<group>";
		};
/* End PBXVariantGroup section */

/* Begin XCBuildConfiguration section */
		060782C0250CE27A00A87020 /* Debug */ = {
			isa = XCBuildConfiguration;
			buildSettings = {
				ALWAYS_SEARCH_USER_PATHS = NO;
				CLANG_ANALYZER_NONNULL = YES;
				CLANG_ANALYZER_NUMBER_OBJECT_CONVERSION = YES_AGGRESSIVE;
				CLANG_CXX_LANGUAGE_STANDARD = "gnu++14";
				CLANG_CXX_LIBRARY = "libc++";
				CLANG_ENABLE_MODULES = YES;
				CLANG_ENABLE_OBJC_ARC = YES;
				CLANG_ENABLE_OBJC_WEAK = YES;
				CLANG_WARN_BLOCK_CAPTURE_AUTORELEASING = YES;
				CLANG_WARN_BOOL_CONVERSION = YES;
				CLANG_WARN_COMMA = YES;
				CLANG_WARN_CONSTANT_CONVERSION = YES;
				CLANG_WARN_DEPRECATED_OBJC_IMPLEMENTATIONS = YES;
				CLANG_WARN_DIRECT_OBJC_ISA_USAGE = YES_ERROR;
				CLANG_WARN_DOCUMENTATION_COMMENTS = YES;
				CLANG_WARN_EMPTY_BODY = YES;
				CLANG_WARN_ENUM_CONVERSION = YES;
				CLANG_WARN_INFINITE_RECURSION = YES;
				CLANG_WARN_INT_CONVERSION = YES;
				CLANG_WARN_NON_LITERAL_NULL_CONVERSION = YES;
				CLANG_WARN_OBJC_IMPLICIT_RETAIN_SELF = YES;
				CLANG_WARN_OBJC_LITERAL_CONVERSION = YES;
				CLANG_WARN_OBJC_ROOT_CLASS = YES_ERROR;
				CLANG_WARN_QUOTED_INCLUDE_IN_FRAMEWORK_HEADER = YES;
				CLANG_WARN_RANGE_LOOP_ANALYSIS = YES;
				CLANG_WARN_STRICT_PROTOTYPES = YES;
				CLANG_WARN_SUSPICIOUS_MOVE = YES;
				CLANG_WARN_UNGUARDED_AVAILABILITY = YES_AGGRESSIVE;
				CLANG_WARN_UNREACHABLE_CODE = YES;
				CLANG_WARN__DUPLICATE_METHOD_MATCH = YES;
				COPY_PHASE_STRIP = NO;
				DEBUG_INFORMATION_FORMAT = dwarf;
				ENABLE_STRICT_OBJC_MSGSEND = YES;
				ENABLE_TESTABILITY = YES;
				GCC_C_LANGUAGE_STANDARD = gnu11;
				GCC_DYNAMIC_NO_PIC = NO;
				GCC_NO_COMMON_BLOCKS = YES;
				GCC_OPTIMIZATION_LEVEL = 0;
				GCC_PREPROCESSOR_DEFINITIONS = (
					"DEBUG=1",
					"$(inherited)",
				);
				GCC_WARN_64_TO_32_BIT_CONVERSION = YES;
				GCC_WARN_ABOUT_RETURN_TYPE = YES_ERROR;
				GCC_WARN_UNDECLARED_SELECTOR = YES;
				GCC_WARN_UNINITIALIZED_AUTOS = YES_AGGRESSIVE;
				GCC_WARN_UNUSED_FUNCTION = YES;
				GCC_WARN_UNUSED_VARIABLE = YES;
				IPHONEOS_DEPLOYMENT_TARGET = 14.5;
				MTL_ENABLE_DEBUG_INFO = INCLUDE_SOURCE;
				MTL_FAST_MATH = YES;
				ONLY_ACTIVE_ARCH = YES;
				SDKROOT = iphoneos;
				SWIFT_ACTIVE_COMPILATION_CONDITIONS = DEBUG;
				SWIFT_OPTIMIZATION_LEVEL = "-Onone";
			};
			name = Debug;
		};
		060782C1250CE27A00A87020 /* Release */ = {
			isa = XCBuildConfiguration;
			buildSettings = {
				ALWAYS_SEARCH_USER_PATHS = NO;
				CLANG_ANALYZER_NONNULL = YES;
				CLANG_ANALYZER_NUMBER_OBJECT_CONVERSION = YES_AGGRESSIVE;
				CLANG_CXX_LANGUAGE_STANDARD = "gnu++14";
				CLANG_CXX_LIBRARY = "libc++";
				CLANG_ENABLE_MODULES = YES;
				CLANG_ENABLE_OBJC_ARC = YES;
				CLANG_ENABLE_OBJC_WEAK = YES;
				CLANG_WARN_BLOCK_CAPTURE_AUTORELEASING = YES;
				CLANG_WARN_BOOL_CONVERSION = YES;
				CLANG_WARN_COMMA = YES;
				CLANG_WARN_CONSTANT_CONVERSION = YES;
				CLANG_WARN_DEPRECATED_OBJC_IMPLEMENTATIONS = YES;
				CLANG_WARN_DIRECT_OBJC_ISA_USAGE = YES_ERROR;
				CLANG_WARN_DOCUMENTATION_COMMENTS = YES;
				CLANG_WARN_EMPTY_BODY = YES;
				CLANG_WARN_ENUM_CONVERSION = YES;
				CLANG_WARN_INFINITE_RECURSION = YES;
				CLANG_WARN_INT_CONVERSION = YES;
				CLANG_WARN_NON_LITERAL_NULL_CONVERSION = YES;
				CLANG_WARN_OBJC_IMPLICIT_RETAIN_SELF = YES;
				CLANG_WARN_OBJC_LITERAL_CONVERSION = YES;
				CLANG_WARN_OBJC_ROOT_CLASS = YES_ERROR;
				CLANG_WARN_QUOTED_INCLUDE_IN_FRAMEWORK_HEADER = YES;
				CLANG_WARN_RANGE_LOOP_ANALYSIS = YES;
				CLANG_WARN_STRICT_PROTOTYPES = YES;
				CLANG_WARN_SUSPICIOUS_MOVE = YES;
				CLANG_WARN_UNGUARDED_AVAILABILITY = YES_AGGRESSIVE;
				CLANG_WARN_UNREACHABLE_CODE = YES;
				CLANG_WARN__DUPLICATE_METHOD_MATCH = YES;
				COPY_PHASE_STRIP = NO;
				DEBUG_INFORMATION_FORMAT = "dwarf-with-dsym";
				ENABLE_NS_ASSERTIONS = NO;
				ENABLE_STRICT_OBJC_MSGSEND = YES;
				GCC_C_LANGUAGE_STANDARD = gnu11;
				GCC_NO_COMMON_BLOCKS = YES;
				GCC_WARN_64_TO_32_BIT_CONVERSION = YES;
				GCC_WARN_ABOUT_RETURN_TYPE = YES_ERROR;
				GCC_WARN_UNDECLARED_SELECTOR = YES;
				GCC_WARN_UNINITIALIZED_AUTOS = YES_AGGRESSIVE;
				GCC_WARN_UNUSED_FUNCTION = YES;
				GCC_WARN_UNUSED_VARIABLE = YES;
				IPHONEOS_DEPLOYMENT_TARGET = 14.5;
				MTL_ENABLE_DEBUG_INFO = NO;
				MTL_FAST_MATH = YES;
				ONLY_ACTIVE_ARCH = NO;
				SDKROOT = iphoneos;
				SWIFT_COMPILATION_MODE = wholemodule;
				SWIFT_OPTIMIZATION_LEVEL = "-O";
				VALIDATE_PRODUCT = YES;
			};
			name = Release;
		};
		060782C3250CE27A00A87020 /* Debug */ = {
			isa = XCBuildConfiguration;
			baseConfigurationReference = B2E98CA892013E40B7E5FBF7 /* Pods-Navigation.debug.xcconfig */;
			buildSettings = {
				ASSETCATALOG_COMPILER_APPICON_NAME = AppIcon;
				CODE_SIGN_STYLE = Automatic;
				DEVELOPMENT_TEAM = 79RZ866842;
				INFOPLIST_FILE = Navigation/Info.plist;
				LD_RUNPATH_SEARCH_PATHS = (
					"$(inherited)",
					"@executable_path/Frameworks",
				);
				PRODUCT_BUNDLE_IDENTIFIER = com.artemnovichkov.Navigation;
				PRODUCT_NAME = "$(TARGET_NAME)";
				SWIFT_VERSION = 5.0;
				TARGETED_DEVICE_FAMILY = "1,2";
			};
			name = Debug;
		};
		060782C4250CE27A00A87020 /* Release */ = {
			isa = XCBuildConfiguration;
			baseConfigurationReference = 5BADA28A6DB538692B0975C1 /* Pods-Navigation.release.xcconfig */;
			buildSettings = {
				ASSETCATALOG_COMPILER_APPICON_NAME = AppIcon;
				CODE_SIGN_STYLE = Automatic;
				DEVELOPMENT_TEAM = 79RZ866842;
				INFOPLIST_FILE = Navigation/Info.plist;
				LD_RUNPATH_SEARCH_PATHS = (
					"$(inherited)",
					"@executable_path/Frameworks",
				);
				PRODUCT_BUNDLE_IDENTIFIER = com.artemnovichkov.Navigation;
				PRODUCT_NAME = "$(TARGET_NAME)";
				SWIFT_VERSION = 5.0;
				TARGETED_DEVICE_FAMILY = "1,2";
			};
			name = Release;
		};
		863445F9270B55BF00569942 /* Debug */ = {
			isa = XCBuildConfiguration;
			buildSettings = {
				CODE_SIGN_STYLE = Automatic;
				CURRENT_PROJECT_VERSION = 1;
				DEFINES_MODULE = YES;
				DEVELOPMENT_TEAM = 79RZ866842;
				DYLIB_COMPATIBILITY_VERSION = 1;
				DYLIB_CURRENT_VERSION = 1;
				DYLIB_INSTALL_NAME_BASE = "@rpath";
				INFOPLIST_FILE = StorageService/Info.plist;
				INSTALL_PATH = "$(LOCAL_LIBRARY_DIR)/Frameworks";
				LD_RUNPATH_SEARCH_PATHS = (
					"$(inherited)",
					"@executable_path/Frameworks",
					"@loader_path/Frameworks",
				);
				PRODUCT_BUNDLE_IDENTIFIER = ru.netology.StorageService;
				PRODUCT_NAME = "$(TARGET_NAME:c99extidentifier)";
				SKIP_INSTALL = YES;
				SWIFT_VERSION = 5.0;
				TARGETED_DEVICE_FAMILY = "1,2";
				VERSIONING_SYSTEM = "apple-generic";
				VERSION_INFO_PREFIX = "";
			};
			name = Debug;
		};
		863445FA270B55BF00569942 /* Release */ = {
			isa = XCBuildConfiguration;
			buildSettings = {
				CODE_SIGN_STYLE = Automatic;
				CURRENT_PROJECT_VERSION = 1;
				DEFINES_MODULE = YES;
				DEVELOPMENT_TEAM = 79RZ866842;
				DYLIB_COMPATIBILITY_VERSION = 1;
				DYLIB_CURRENT_VERSION = 1;
				DYLIB_INSTALL_NAME_BASE = "@rpath";
				INFOPLIST_FILE = StorageService/Info.plist;
				INSTALL_PATH = "$(LOCAL_LIBRARY_DIR)/Frameworks";
				LD_RUNPATH_SEARCH_PATHS = (
					"$(inherited)",
					"@executable_path/Frameworks",
					"@loader_path/Frameworks",
				);
				PRODUCT_BUNDLE_IDENTIFIER = ru.netology.StorageService;
				PRODUCT_NAME = "$(TARGET_NAME:c99extidentifier)";
				SKIP_INSTALL = YES;
				SWIFT_VERSION = 5.0;
				TARGETED_DEVICE_FAMILY = "1,2";
				VERSIONING_SYSTEM = "apple-generic";
				VERSION_INFO_PREFIX = "";
			};
			name = Release;
		};
/* End XCBuildConfiguration section */

/* Begin XCConfigurationList section */
		060782A9250CE27700A87020 /* Build configuration list for PBXProject "Navigation" */ = {
			isa = XCConfigurationList;
			buildConfigurations = (
				060782C0250CE27A00A87020 /* Debug */,
				060782C1250CE27A00A87020 /* Release */,
			);
			defaultConfigurationIsVisible = 0;
			defaultConfigurationName = Release;
		};
		060782C2250CE27A00A87020 /* Build configuration list for PBXNativeTarget "Navigation" */ = {
			isa = XCConfigurationList;
			buildConfigurations = (
				060782C3250CE27A00A87020 /* Debug */,
				060782C4250CE27A00A87020 /* Release */,
			);
			defaultConfigurationIsVisible = 0;
			defaultConfigurationName = Release;
		};
		863445FB270B55BF00569942 /* Build configuration list for PBXNativeTarget "StorageService" */ = {
			isa = XCConfigurationList;
			buildConfigurations = (
				863445F9270B55BF00569942 /* Debug */,
				863445FA270B55BF00569942 /* Release */,
			);
			defaultConfigurationIsVisible = 0;
			defaultConfigurationName = Release;
		};
/* End XCConfigurationList section */

/* Begin XCRemoteSwiftPackageReference section */
		86E7FFCB270F8B5300CD29AE /* XCRemoteSwiftPackageReference "iOSIntPackage" */ = {
			isa = XCRemoteSwiftPackageReference;
			repositoryURL = "https://github.com/TrueMax/iOSIntPackage";
			requirement = {
				kind = upToNextMajorVersion;
				minimumVersion = 3.2.3;
			};
		};
/* End XCRemoteSwiftPackageReference section */

/* Begin XCSwiftPackageProductDependency section */
		86E7FFCC270F8B5300CD29AE /* iOSIntPackage */ = {
			isa = XCSwiftPackageProductDependency;
			package = 86E7FFCB270F8B5300CD29AE /* XCRemoteSwiftPackageReference "iOSIntPackage" */;
			productName = iOSIntPackage;
		};
/* End XCSwiftPackageProductDependency section */
	};
	rootObject = 060782A6250CE27700A87020 /* Project object */;
}
